
Microsoft Visual Studio Solution File, Format Version 12.00
# Visual Studio Version 17
VisualStudioVersion = 17.12.35527.113
MinimumVisualStudioVersion = 10.0.40219.1
Project("{FAE04EC0-301F-11D3-BF4B-00C04F79EFBC}") = "GeoServices", "GeoServices\GeoServices.csproj", "{D91E8E46-D7E7-41BD-A625-4861E6B3BC85}"
EndProject
Project("{2150E333-8FDC-42A3-9474-1A3956D46DE8}") = "Solution Items", "Solution Items", "{EB1A8E43-C260-4B3B-85F1-30A7A9EBA7DE}"
	ProjectSection(SolutionItems) = preProject
		.gitignore = .gitignore
	EndProjectSection
EndProject
Global
	GlobalSection(SolutionConfigurationPlatforms) = preSolution
		Debug|Any CPU = Debug|Any CPU
		Release|Any CPU = Release|Any CPU
	EndGlobalSection
	GlobalSection(ProjectConfigurationPlatforms) = postSolution
		{D91E8E46-D7E7-41BD-A625-4861E6B3BC85}.Debug|Any CPU.ActiveCfg = Debug|Any CPU
		{D91E8E46-D7E7-41BD-A625-4861E6B3BC85}.Debug|Any CPU.Build.0 = Debug|Any CPU
		{D91E8E46-D7E7-41BD-A625-4861E6B3BC85}.Release|Any CPU.ActiveCfg = Release|Any CPU
		{D91E8E46-D7E7-41BD-A625-4861E6B3BC85}.Release|Any CPU.Build.0 = Release|Any CPU
	EndGlobalSection
	GlobalSection(SolutionProperties) = preSolution
		HideSolutionNode = FALSE
	EndGlobalSection
EndGlobal
